# This file is automatically @generated by Cargo.
# It is not intended for manual editing.
version = 4

[[package]]
name = "aead"
version = "0.6.0-rc.1"
source = "registry+https://github.com/rust-lang/crates.io-index"
checksum = "c01559752fbde7734af628961723aa734aa46351cbf5c9ce41133ad2ae1a09b9"
dependencies = [
 "crypto-common",
 "inout",
]

[[package]]
name = "aes"
version = "0.9.0-rc.0"
source = "registry+https://github.com/rust-lang/crates.io-index"
checksum = "cd4838e4ad37bb032dea137f441d5f71c16c26c068af512e64c5bc13a88cdfc7"
dependencies = [
 "cfg-if",
 "cipher",
 "cpufeatures",
 "zeroize",
]

[[package]]
name = "aes-gcm"
version = "0.11.0-rc.0"
source = "registry+https://github.com/rust-lang/crates.io-index"
checksum = "2be322be4a73a3a55ad74b9833238e76bfd6034ce69a05c1b41c879f6a3bdca6"
dependencies = [
 "aead",
 "aes",
 "cipher",
 "ctr",
 "ghash",
 "subtle",
 "zeroize",
]

[[package]]
name = "argon2"
version = "0.6.0-rc.0"
source = "registry+https://github.com/rust-lang/crates.io-index"
checksum = "99d62242539f39ae10c6654d86121e152344e24329c4adb921d672b6369f47a2"
dependencies = [
 "base64ct",
 "blake2",
 "cpufeatures",
 "password-hash",
]

[[package]]
name = "autocfg"
version = "1.3.0"
source = "registry+https://github.com/rust-lang/crates.io-index"
checksum = "0c4b4d0bd25bd0b74681c0ad21497610ce1b7c91b1022cd21c80c6fbdd9476b0"

[[package]]
name = "base16ct"
version = "0.2.0"
source = "registry+https://github.com/rust-lang/crates.io-index"
checksum = "4c7f02d4ea65f2c1853089ffd8d2787bdbc63de2f0d29dedbcf8ccdfa0ccd4cf"

[[package]]
name = "base64ct"
version = "1.7.3"
source = "registry+https://github.com/rust-lang/crates.io-index"
checksum = "89e25b6adfb930f02d1981565a6e5d9c547ac15a96606256d3b59040e5cd4ca3"

[[package]]
name = "bcrypt-pbkdf"
version = "0.11.0-rc.0"
source = "registry+https://github.com/rust-lang/crates.io-index"
checksum = "3cc110942d74f151c8944335316ae8d07cfbc4e0282e883c5d20e3ca284b40b0"
dependencies = [
 "blowfish",
 "pbkdf2",
 "sha2",
]

[[package]]
name = "bitflags"
version = "2.9.1"
source = "registry+https://github.com/rust-lang/crates.io-index"
checksum = "1b8e56985ec62d17e9c1001dc89c88ecd7dc08e47eba5ec7c29c7b5eeecde967"

[[package]]
name = "blake2"
version = "0.11.0-rc.0"
source = "registry+https://github.com/rust-lang/crates.io-index"
checksum = "ce3d950855224a23299348898f8a2127860e1afea78df3e51deebb89d1cb2f8f"
dependencies = [
 "digest",
]

[[package]]
name = "block-buffer"
version = "0.11.0-rc.4"
source = "registry+https://github.com/rust-lang/crates.io-index"
checksum = "a229bfd78e4827c91b9b95784f69492c1b77c1ab75a45a8a037b139215086f94"
dependencies = [
 "hybrid-array",
]

[[package]]
name = "block-padding"
version = "0.4.0-rc.3"
source = "registry+https://github.com/rust-lang/crates.io-index"
checksum = "ee88d14c41bbae2e333f574a27fc73d96fe1039e5a356c20d06a7f2a34cd8e5a"
dependencies = [
 "hybrid-array",
]

[[package]]
name = "blowfish"
version = "0.10.0-rc.0"
source = "registry+https://github.com/rust-lang/crates.io-index"
checksum = "3c0f960d119fb9f71bf044c0f2f91bf6323d749e7302f3ef110a34cd73a5a0d2"
dependencies = [
 "byteorder",
 "cipher",
]

[[package]]
name = "byteorder"
version = "1.5.0"
source = "registry+https://github.com/rust-lang/crates.io-index"
checksum = "1fd0f2584146f6f2ef48085050886acf353beff7305ebd1ae69500e27c67f64b"

[[package]]
name = "bytes"
version = "1.8.0"
source = "registry+https://github.com/rust-lang/crates.io-index"
checksum = "9ac0150caa2ae65ca5bd83f25c7de183dea78d4d366469f148435e2acfbad0da"

[[package]]
name = "cbc"
version = "0.2.0-rc.0"
source = "registry+https://github.com/rust-lang/crates.io-index"
checksum = "3ef95f543a56c245d9d0826ccbb34636ee983b3e846eff57bc5fc72e1bce1701"
dependencies = [
 "cipher",
]

[[package]]
name = "cfg-if"
version = "1.0.0"
source = "registry+https://github.com/rust-lang/crates.io-index"
checksum = "baf1de4339761588bc0619e3cbc0120ee582ebb74b53b4efbf79117bd2da40fd"

[[package]]
name = "chacha20"
version = "0.10.0-rc.0"
source = "registry+https://github.com/rust-lang/crates.io-index"
checksum = "6e057d7ab0331b90074df7ca698b3361860c20a1d8c8e28f49c01f526e3f3958"
dependencies = [
 "cfg-if",
 "cipher",
 "cpufeatures",
 "zeroize",
]

[[package]]
name = "cipher"
version = "0.5.0-rc.0"
source = "registry+https://github.com/rust-lang/crates.io-index"
checksum = "bd4ef774202f1749465fc7cf88d70fc30620e8cacd5429268f4bff7d003bd976"
dependencies = [
 "crypto-common",
 "inout",
 "zeroize",
]

[[package]]
name = "const-oid"
version = "0.10.1"
source = "registry+https://github.com/rust-lang/crates.io-index"
checksum = "0dabb6555f92fb9ee4140454eb5dcd14c7960e1225c6d1a6cc361f032947713e"

[[package]]
name = "cpufeatures"
version = "0.2.17"
source = "registry+https://github.com/rust-lang/crates.io-index"
checksum = "59ed5838eebb26a2bb2e58f6d5b5316989ae9d08bab10e0e6d103e656d1b0280"
dependencies = [
 "libc",
]

[[package]]
name = "crypto-bigint"
version = "0.7.0-pre.4"
source = "registry+https://github.com/rust-lang/crates.io-index"
checksum = "edaae5fb9dac79a07260e0b2006799ff4f1d342ab243fd7d0892215113b27904"
dependencies = [
 "hybrid-array",
 "num-traits",
 "rand_core",
 "serdect",
 "subtle",
 "zeroize",
]

[[package]]
name = "crypto-common"
version = "0.2.0-rc.3"
source = "registry+https://github.com/rust-lang/crates.io-index"
checksum = "8a23fa214dea9efd4dacee5a5614646b30216ae0f05d4bb51bafb50e9da1c5be"
dependencies = [
 "hybrid-array",
]

[[package]]
name = "crypto-primes"
version = "0.7.0-pre.1"
source = "registry+https://github.com/rust-lang/crates.io-index"
checksum = "ae744b9f528151f8c440cf67498f24d2d1ac0ab536b5ce7b1f87a7a5961bd1c1"
dependencies = [
 "crypto-bigint",
 "libm",
 "rand_core",
]

[[package]]
name = "ctr"
version = "0.10.0-rc.0"
source = "registry+https://github.com/rust-lang/crates.io-index"
checksum = "f239edce204df0e4503cccef3492552773d1ca4e002659a59ca715f099b45ca1"
dependencies = [
 "cipher",
]

[[package]]
name = "curve25519-dalek"
version = "4.1.3"
source = "git+https://github.com/dalek-cryptography/curve25519-dalek.git?branch=rustcrypto-new-releases#88e1efaae36d4438fd3f17ad3cb043dd3da844d4"
dependencies = [
 "cfg-if",
 "cpufeatures",
 "curve25519-dalek-derive",
 "digest",
 "fiat-crypto",
 "rustc_version",
 "subtle",
]

[[package]]
name = "curve25519-dalek-derive"
version = "0.1.1"
source = "git+https://github.com/dalek-cryptography/curve25519-dalek.git?branch=rustcrypto-new-releases#88e1efaae36d4438fd3f17ad3cb043dd3da844d4"
dependencies = [
 "proc-macro2",
 "quote",
 "syn",
]

[[package]]
name = "der"
version = "0.8.0-rc.3"
source = "registry+https://github.com/rust-lang/crates.io-index"
checksum = "b00a9651bf9c00a38b7c383073cb22fb42f20a5f978c9f97ad5c7128cbd3c1bd"
dependencies = [
 "const-oid",
 "zeroize",
]

[[package]]
name = "des"
version = "0.9.0-rc.0"
source = "registry+https://github.com/rust-lang/crates.io-index"
checksum = "8025983b9f9f242e94d459a57b81c571e92e4e1717ca57d092d8a69fc539efa1"
dependencies = [
 "cipher",
]

[[package]]
name = "digest"
version = "0.11.0-rc.0"
source = "registry+https://github.com/rust-lang/crates.io-index"
checksum = "460dd7f37e4950526b54a5a6b1f41b6c8e763c58eb9a8fc8fc05ba5c2f44ca7b"
dependencies = [
 "block-buffer",
 "const-oid",
 "crypto-common",
 "subtle",
]

[[package]]
name = "dsa"
version = "0.7.0-rc.0"
source = "registry+https://github.com/rust-lang/crates.io-index"
checksum = "f7db0cefc575aba0011f77f56b733d6674b926f64211dca9d7254d47d5c425bb"
dependencies = [
 "crypto-bigint",
 "crypto-primes",
 "digest",
 "pkcs8",
 "rfc6979",
 "sha2",
 "signature",
 "zeroize",
]

[[package]]
name = "ecdsa"
version = "0.17.0-rc.0"
source = "registry+https://github.com/rust-lang/crates.io-index"
checksum = "abbc927a7e946a78fbff19c283bc5d4f8960d9000049a7e2b0d84cb2730613c4"
dependencies = [
 "der",
 "digest",
 "elliptic-curve",
 "rfc6979",
 "signature",
 "spki",
 "zeroize",
]

[[package]]
name = "ed25519"
version = "3.0.0-pre.0"
source = "registry+https://github.com/rust-lang/crates.io-index"
checksum = "e6e01f644da45b2f83a7c40f6895ccc467ce60d6163c729d9fe4351eaa42c512"
dependencies = [
 "signature",
]

[[package]]
name = "ed25519-dalek"
version = "2.2.0-pre"
source = "git+https://github.com/dalek-cryptography/curve25519-dalek.git?branch=rustcrypto-new-releases#88e1efaae36d4438fd3f17ad3cb043dd3da844d4"
dependencies = [
 "curve25519-dalek",
 "ed25519",
 "sha2",
 "subtle",
]

[[package]]
name = "elliptic-curve"
version = "0.14.0-rc.3"
source = "registry+https://github.com/rust-lang/crates.io-index"
checksum = "bedd367b8649edac0efb2120e420460cffc41988f94eb55f009832484a45c46f"
dependencies = [
 "base16ct",
 "crypto-bigint",
 "digest",
 "ff",
 "group",
 "hybrid-array",
 "pkcs8",
 "rand_core",
 "sec1",
 "subtle",
 "zeroize",
]

[[package]]
name = "ff"
version = "0.14.0-pre.0"
source = "registry+https://github.com/rust-lang/crates.io-index"
checksum = "d42dd26f5790eda47c1a2158ea4120e32c35ddc9a7743c98a292accc01b54ef3"
dependencies = [
 "rand_core",
 "subtle",
]

[[package]]
name = "fiat-crypto"
version = "0.2.9"
source = "registry+https://github.com/rust-lang/crates.io-index"
checksum = "28dea519a9695b9977216879a3ebfddf92f1c08c05d984f8996aecd6ecdc811d"

[[package]]
name = "getrandom"
version = "0.3.3"
source = "registry+https://github.com/rust-lang/crates.io-index"
checksum = "26145e563e54f2cadc477553f1ec5ee650b00862f0a58bcd12cbdc5f0ea2d2f4"
dependencies = [
 "cfg-if",
 "libc",
 "r-efi",
 "wasi",
]

[[package]]
name = "ghash"
version = "0.6.0-rc.1"
source = "registry+https://github.com/rust-lang/crates.io-index"
checksum = "7df2ef47489983b86b012ce4955b61fcfb1a99a761a1a8c79c3129e722da6795"
dependencies = [
 "polyval",
]

[[package]]
name = "group"
version = "0.14.0-pre.0"
source = "registry+https://github.com/rust-lang/crates.io-index"
checksum = "1ff6a0b2dd4b981b1ae9e3e6830ab146771f3660d31d57bafd9018805a91b0f1"
dependencies = [
 "ff",
 "rand_core",
 "subtle",
]

[[package]]
name = "hex"
version = "0.4.3"
source = "registry+https://github.com/rust-lang/crates.io-index"
checksum = "7f24254aa9a54b5c858eaee2f5bccdb46aaf0e486a595ed5fd8f86ba55232a70"

[[package]]
name = "hex-literal"
version = "1.0.0"
source = "registry+https://github.com/rust-lang/crates.io-index"
checksum = "bcaaec4551594c969335c98c903c1397853d4198408ea609190f420500f6be71"

[[package]]
name = "hmac"
version = "0.13.0-rc.0"
source = "registry+https://github.com/rust-lang/crates.io-index"
checksum = "8dc6a2fcc35ab09136c6df2cdf9ca49790701420a3a6b5db0987dddbabc79b21"
dependencies = [
 "digest",
]

[[package]]
name = "home"
version = "0.5.11"
source = "registry+https://github.com/rust-lang/crates.io-index"
checksum = "589533453244b0995c858700322199b2becb13b627df2851f64a2775d024abcf"
dependencies = [
 "windows-sys",
]

[[package]]
name = "hybrid-array"
version = "0.3.1"
source = "registry+https://github.com/rust-lang/crates.io-index"
checksum = "891d15931895091dea5c47afa5b3c9a01ba634b311919fd4d41388fa0e3d76af"
dependencies = [
 "typenum",
 "zeroize",
]

[[package]]
name = "inout"
version = "0.2.0-rc.5"
source = "registry+https://github.com/rust-lang/crates.io-index"
checksum = "c774c86bce20ea04abe1c37cf0051c5690079a3a28ef5fdac2a5a0412b3d7d74"
dependencies = [
 "block-padding",
 "hybrid-array",
]

[[package]]
name = "libc"
version = "0.2.155"
source = "registry+https://github.com/rust-lang/crates.io-index"
checksum = "97b3888a4aecf77e811145cadf6eef5901f4782c53886191b2f693f24761847c"

[[package]]
name = "libm"
version = "0.2.15"
source = "registry+https://github.com/rust-lang/crates.io-index"
checksum = "f9fbbcab51052fe104eb5e5d351cf728d30a5be1fe14d9be8a3b097481fb97de"

[[package]]
name = "num-traits"
version = "0.2.19"
source = "registry+https://github.com/rust-lang/crates.io-index"
checksum = "071dfc062690e90b734c0b2273ce72ad0ffa95f0c74596bc250dcfd960262841"
dependencies = [
 "autocfg",
]

[[package]]
name = "p256"
version = "0.14.0-pre.4"
source = "registry+https://github.com/rust-lang/crates.io-index"
checksum = "635e1f1e5af6fc13e6c6a587fa1455e17fa7c8b54ba74093be5254819e34713f"
dependencies = [
 "ecdsa",
 "elliptic-curve",
 "primefield",
 "primeorder",
 "sha2",
]

[[package]]
name = "p384"
version = "0.14.0-pre.4"
source = "registry+https://github.com/rust-lang/crates.io-index"
checksum = "e029b66d7fbea49e7b510de607a2cacdbb2fc79d67856689d223ad8aa7fa91e3"
dependencies = [
 "ecdsa",
 "elliptic-curve",
 "primefield",
 "primeorder",
 "sha2",
]

[[package]]
name = "p521"
version = "0.14.0-pre.4"
source = "registry+https://github.com/rust-lang/crates.io-index"
checksum = "cd3a148e2ddfbf70d45fb1350f8bafb399d20c0a3f381ba1fbb5c680ccfe4d37"
dependencies = [
 "base16ct",
 "ecdsa",
 "elliptic-curve",
 "primefield",
 "primeorder",
 "sha2",
]

[[package]]
name = "password-hash"
version = "0.6.0-rc.1"
source = "registry+https://github.com/rust-lang/crates.io-index"
checksum = "8ee14c44aa1c04c22c4d4532c4fa2cdd5b6d31c2514a5898530d889fc2fc2737"
dependencies = [
 "base64ct",
 "rand_core",
 "subtle",
]

[[package]]
name = "pbkdf2"
version = "0.13.0-rc.0"
source = "registry+https://github.com/rust-lang/crates.io-index"
checksum = "c2efb182a4d7d26aa7442a4ef2f91c5021c6abb61f9fdd251fcc2e327f5faaf6"
dependencies = [
 "digest",
]

[[package]]
name = "pem-rfc7468"
version = "1.0.0-rc.3"
source = "registry+https://github.com/rust-lang/crates.io-index"
checksum = "a8e58fab693c712c0d4e88f8eb3087b6521d060bcaf76aeb20cb192d809115ba"
dependencies = [
 "base64ct",
]

[[package]]
name = "pkcs1"
version = "0.8.0-rc.2"
source = "registry+https://github.com/rust-lang/crates.io-index"
checksum = "24e16d93c725fa250577ffdec06ebbff4cae3625b0e2881ac43a5427797ee8d3"
dependencies = [
 "der",
 "pkcs8",
 "spki",
]

[[package]]
name = "pkcs8"
version = "0.11.0-rc.4"
source = "registry+https://github.com/rust-lang/crates.io-index"
checksum = "3f1843d4345dfe1a55e487db747a04c01af50415b03e937410e0a41d8cc24ec7"
dependencies = [
 "der",
 "spki",
]

[[package]]
name = "poly1305"
version = "0.9.0-rc.1"
source = "registry+https://github.com/rust-lang/crates.io-index"
checksum = "acc2072a7f2eb76d8cb988195d48046451ea2c3dc98a5bbe1b112b70e1cffa60"
dependencies = [
 "cpufeatures",
 "universal-hash",
 "zeroize",
]

[[package]]
name = "polyval"
version = "0.7.0-rc.1"
source = "registry+https://github.com/rust-lang/crates.io-index"
checksum = "ff52e661730d7c6f95a72137e812e337eb5ff371d38d8588798e0df8404e610c"
dependencies = [
 "cfg-if",
 "cpufeatures",
 "universal-hash",
]

[[package]]
name = "ppv-lite86"
version = "0.2.17"
source = "registry+https://github.com/rust-lang/crates.io-index"
checksum = "5b40af805b3121feab8a3c29f04d8ad262fa8e0561883e7653e024ae4479e6de"

[[package]]
name = "primefield"
version = "0.14.0-pre.2"
source = "registry+https://github.com/rust-lang/crates.io-index"
checksum = "1bbeb92947a0d0d4b0cab5e2e6749acc44c81461eb3b1aff4dbb7acd0eb9f0ab"
dependencies = [
 "crypto-bigint",
 "ff",
 "rand_core",
 "subtle",
 "zeroize",
]

[[package]]
name = "primeorder"
version = "0.14.0-pre.3"
source = "registry+https://github.com/rust-lang/crates.io-index"
checksum = "f2e45e9e037423d1d08cad23132bef43fda87481e362154fd145831028dcf3b8"
dependencies = [
 "elliptic-curve",
]

[[package]]
name = "proc-macro2"
version = "1.0.87"
source = "registry+https://github.com/rust-lang/crates.io-index"
checksum = "b3e4daa0dcf6feba26f985457cdf104d4b4256fc5a09547140f3631bb076b19a"
dependencies = [
 "unicode-ident",
]

[[package]]
name = "quote"
version = "1.0.37"
source = "registry+https://github.com/rust-lang/crates.io-index"
checksum = "b5b9d34b8991d19d98081b46eacdd8eb58c6f2b201139f7c5f643cc155a633af"
dependencies = [
 "proc-macro2",
]

[[package]]
name = "r-efi"
version = "5.2.0"
source = "registry+https://github.com/rust-lang/crates.io-index"
checksum = "74765f6d916ee2faa39bc8e68e4f3ed8949b48cccdac59983d287a7cb71ce9c5"

[[package]]
name = "rand_chacha"
version = "0.9.0"
source = "registry+https://github.com/rust-lang/crates.io-index"
checksum = "d3022b5f1df60f26e1ffddd6c66e8aa15de382ae63b3a0c1bfc0e4d3e3f325cb"
dependencies = [
 "ppv-lite86",
 "rand_core",
]

[[package]]
name = "rand_core"
version = "0.9.3"
source = "registry+https://github.com/rust-lang/crates.io-index"
checksum = "99d9a13982dcf210057a8a78572b2217b667c3beacbf3a0d8b454f6f82837d38"
dependencies = [
 "getrandom",
]

[[package]]
name = "rfc6979"
version = "0.5.0-rc.0"
source = "registry+https://github.com/rust-lang/crates.io-index"
checksum = "f53f124bf3ec90be84ae97d7f52175ba938898525554c13c9017eb8f0a604146"
dependencies = [
 "hmac",
 "subtle",
]

[[package]]
name = "rsa"
version = "0.10.0-rc.0"
source = "registry+https://github.com/rust-lang/crates.io-index"
checksum = "f30f0ad781aea19fe741d7a901b2ad8b4271ac3516e7045b8ecff74e201968fe"
dependencies = [
 "const-oid",
 "crypto-bigint",
 "crypto-primes",
 "digest",
 "pkcs1",
 "pkcs8",
 "rand_core",
 "sha2",
 "signature",
 "spki",
 "subtle",
 "zeroize",
]

[[package]]
name = "rustc_version"
version = "0.4.0"
source = "registry+https://github.com/rust-lang/crates.io-index"
checksum = "bfa0f585226d2e68097d4f95d113b15b83a82e819ab25717ec0590d9584ef366"
dependencies = [
 "semver",
]

[[package]]
name = "sec1"
version = "0.8.0-rc.5"
source = "registry+https://github.com/rust-lang/crates.io-index"
checksum = "e4855dd9b15e8e469fad23529698f7f7b7a6b250a81c88b1f9d7efe1abca7717"
dependencies = [
 "base16ct",
 "der",
 "hybrid-array",
 "pkcs8",
 "subtle",
 "zeroize",
]

[[package]]
name = "semver"
version = "1.0.23"
source = "registry+https://github.com/rust-lang/crates.io-index"
checksum = "61697e0a1c7e512e84a621326239844a24d8207b4669b41bc18b32ea5cbf988b"

[[package]]
name = "serde"
version = "1.0.204"
source = "registry+https://github.com/rust-lang/crates.io-index"
checksum = "bc76f558e0cbb2a839d37354c575f1dc3fdc6546b5be373ba43d95f231bf7c12"
dependencies = [
 "serde_derive",
]

[[package]]
name = "serde_derive"
version = "1.0.204"
source = "registry+https://github.com/rust-lang/crates.io-index"
checksum = "e0cd7e117be63d3c3678776753929474f3b04a43a080c744d6b0ae2a8c28e222"
dependencies = [
 "proc-macro2",
 "quote",
 "syn",
]

[[package]]
name = "serdect"
version = "0.3.0"
source = "registry+https://github.com/rust-lang/crates.io-index"
checksum = "f42f67da2385b51a5f9652db9c93d78aeaf7610bf5ec366080b6de810604af53"
dependencies = [
 "base16ct",
 "serde",
]

[[package]]
name = "sha1"
version = "0.11.0-rc.0"
source = "registry+https://github.com/rust-lang/crates.io-index"
checksum = "6f9318facddf9ac32a33527066936837e189b3f23ced6edc1603720ead5e2b3d"
dependencies = [
 "cfg-if",
 "cpufeatures",
 "digest",
]

[[package]]
name = "sha2"
version = "0.11.0-rc.0"
source = "registry+https://github.com/rust-lang/crates.io-index"
checksum = "aa1d2e6b3cc4e43a8258a9a3b17aa5dfd2cc5186c7024bba8a64aa65b2c71a59"
dependencies = [
 "cfg-if",
 "cpufeatures",
 "digest",
]

[[package]]
name = "signature"
version = "3.0.0-rc.0"
source = "registry+https://github.com/rust-lang/crates.io-index"
checksum = "d7ae074ff622614874804868b07d9cb786223082c9fe726a6653608f32f37b02"
dependencies = [
 "digest",
 "rand_core",
]

[[package]]
name = "spki"
version = "0.8.0-rc.2"
source = "registry+https://github.com/rust-lang/crates.io-index"
checksum = "c2f0e2bdca9b00f5be6dd3bb6647d50fd0f24a508a95f78e3bb2fe98d0403c85"
dependencies = [
 "base64ct",
 "der",
]

[[package]]
name = "ssh-cipher"
version = "0.3.0-rc.0"
dependencies = [
 "aead",
 "aes",
 "aes-gcm",
 "cbc",
 "chacha20",
 "cipher",
 "ctr",
 "des",
 "hex-literal",
 "poly1305",
 "ssh-encoding",
 "subtle",
 "zeroize",
]

[[package]]
name = "ssh-derive"
version = "0.3.0-rc.0"
dependencies = [
 "proc-macro2",
 "quote",
 "syn",
]

[[package]]
name = "ssh-encoding"
version = "0.3.0-rc.0"
dependencies = [
 "base64ct",
 "bytes",
 "crypto-bigint",
 "digest",
 "hex-literal",
 "pem-rfc7468",
 "ssh-derive",
 "subtle",
 "zeroize",
]

[[package]]
name = "ssh-key"
version = "0.7.0-rc.0"
dependencies = [
 "argon2",
 "bcrypt-pbkdf",
 "dsa",
 "ed25519-dalek",
 "hex",
 "hex-literal",
 "hmac",
 "home",
 "p256",
 "p384",
 "p521",
 "rand_chacha",
 "rand_core",
 "rsa",
 "sec1",
 "serde",
 "sha1",
 "sha2",
 "signature",
 "ssh-cipher",
 "ssh-encoding",
 "subtle",
 "zeroize",
]

[[package]]
name = "ssh-protocol"
version = "0.3.0-rc.0"
dependencies = [
 "ssh-cipher",
 "ssh-encoding",
 "ssh-key",
]

[[package]]
name = "subtle"
version = "2.6.1"
source = "registry+https://github.com/rust-lang/crates.io-index"
checksum = "13c2bddecc57b384dee18652358fb23172facb8a2c51ccc10d74c157bdea3292"

[[package]]
name = "syn"
version = "2.0.79"
source = "registry+https://github.com/rust-lang/crates.io-index"
checksum = "89132cd0bf050864e1d38dc3bbc07a0eb8e7530af26344d3d2bbbef83499f590"
dependencies = [
 "proc-macro2",
 "quote",
 "unicode-ident",
]

[[package]]
name = "typenum"
version = "1.17.0"
source = "registry+https://github.com/rust-lang/crates.io-index"
checksum = "42ff0bf0c66b8238c6f3b578df37d0b7848e55df8577b3f74f92a69acceeb825"

[[package]]
name = "unicode-ident"
version = "1.0.12"
source = "registry+https://github.com/rust-lang/crates.io-index"
checksum = "3354b9ac3fae1ff6755cb6db53683adb661634f67557942dea4facebec0fee4b"

[[package]]
name = "universal-hash"
version = "0.6.0-rc.1"
source = "registry+https://github.com/rust-lang/crates.io-index"
checksum = "17866ce72039aaa929b785c51d08d0395e02cb5eaffd3efdf634b9b1f80b8157"
dependencies = [
 "crypto-common",
 "subtle",
]

[[package]]
name = "wasi"
version = "0.14.2+wasi-0.2.4"
source = "registry+https://github.com/rust-lang/crates.io-index"
checksum = "9683f9a5a998d873c0d21fcbe3c083009670149a8fab228644b8bd36b2c48cb3"
dependencies = [
 "wit-bindgen-rt",
]

[[package]]
name = "windows-sys"
version = "0.59.0"
source = "registry+https://github.com/rust-lang/crates.io-index"
checksum = "1e38bc4d79ed67fd075bcc251a1c39b32a1776bbe92e5bef1f0bf1f8c531853b"
dependencies = [
 "windows-targets",
]

[[package]]
name = "windows-targets"
version = "0.52.6"
source = "registry+https://github.com/rust-lang/crates.io-index"
checksum = "9b724f72796e036ab90c1021d4780d4d3d648aca59e491e6b98e725b84e99973"
dependencies = [
 "windows_aarch64_gnullvm",
 "windows_aarch64_msvc",
 "windows_i686_gnu",
 "windows_i686_gnullvm",
 "windows_i686_msvc",
 "windows_x86_64_gnu",
 "windows_x86_64_gnullvm",
 "windows_x86_64_msvc",
]

[[package]]
name = "windows_aarch64_gnullvm"
version = "0.52.6"
source = "registry+https://github.com/rust-lang/crates.io-index"
checksum = "32a4622180e7a0ec044bb555404c800bc9fd9ec262ec147edd5989ccd0c02cd3"

[[package]]
name = "windows_aarch64_msvc"
version = "0.52.6"
source = "registry+https://github.com/rust-lang/crates.io-index"
checksum = "09ec2a7bb152e2252b53fa7803150007879548bc709c039df7627cabbd05d469"

[[package]]
name = "windows_i686_gnu"
version = "0.52.6"
source = "registry+https://github.com/rust-lang/crates.io-index"
checksum = "8e9b5ad5ab802e97eb8e295ac6720e509ee4c243f69d781394014ebfe8bbfa0b"

[[package]]
name = "windows_i686_gnullvm"
version = "0.52.6"
source = "registry+https://github.com/rust-lang/crates.io-index"
checksum = "0eee52d38c090b3caa76c563b86c3a4bd71ef1a819287c19d586d7334ae8ed66"

[[package]]
name = "windows_i686_msvc"
version = "0.52.6"
source = "registry+https://github.com/rust-lang/crates.io-index"
checksum = "240948bc05c5e7c6dabba28bf89d89ffce3e303022809e73deaefe4f6ec56c66"

[[package]]
name = "windows_x86_64_gnu"
version = "0.52.6"
source = "registry+https://github.com/rust-lang/crates.io-index"
checksum = "147a5c80aabfbf0c7d901cb5895d1de30ef2907eb21fbbab29ca94c5b08b1a78"

[[package]]
name = "windows_x86_64_gnullvm"
version = "0.52.6"
source = "registry+https://github.com/rust-lang/crates.io-index"
checksum = "24d5b23dc417412679681396f2b49f3de8c1473deb516bd34410872eff51ed0d"

[[package]]
name = "windows_x86_64_msvc"
version = "0.52.6"
source = "registry+https://github.com/rust-lang/crates.io-index"
checksum = "589f6da84c646204747d1270a2a5661ea66ed1cced2631d546fdfb155959f9ec"

[[package]]
name = "wit-bindgen-rt"
version = "0.39.0"
source = "registry+https://github.com/rust-lang/crates.io-index"
checksum = "6f42320e61fe2cfd34354ecb597f86f413484a798ba44a8ca1165c58d42da6c1"
dependencies = [
 "bitflags",
]

[[package]]
name = "zeroize"
version = "1.8.1"
source = "registry+https://github.com/rust-lang/crates.io-index"
checksum = "ced3678a2879b30306d323f4542626697a464a97c0a07c9aebf7ebca65cd4dde"
