# This file is automatically @generated by Cargo.
# It is not intended for manual editing.
version = 4

[[package]]
name = "aead"
version = "0.6.0-rc.2"
source = "registry+https://github.com/rust-lang/crates.io-index"
checksum = "ac8202ab55fcbf46ca829833f347a82a2a4ce0596f0304ac322c2d100030cd56"
dependencies = [
 "crypto-common",
 "inout",
]

[[package]]
name = "aes"
version = "0.9.0-rc.1"
source = "registry+https://github.com/rust-lang/crates.io-index"
checksum = "7e713c57c2a2b19159e7be83b9194600d7e8eb3b7c2cd67e671adf47ce189a05"
dependencies = [
 "cfg-if",
 "cipher",
 "cpufeatures",
 "zeroize",
]

[[package]]
name = "aes-gcm"
version = "0.11.0-rc.1"
source = "registry+https://github.com/rust-lang/crates.io-index"
checksum = "0686ba04dc80c816104c96cd7782b748f6ad58c5dd4ee619ff3258cf68e83d54"
dependencies = [
 "aead",
 "aes",
 "cipher",
 "ctr",
 "ghash",
 "subtle",
 "zeroize",
]

[[package]]
name = "argon2"
version = "0.6.0-rc.1"
source = "registry+https://github.com/rust-lang/crates.io-index"
checksum = "d911686206fdd816a61ed5226535997149b0fc7726e37fee46f407c9ff82ed87"
dependencies = [
 "base64ct",
 "blake2",
 "cpufeatures",
 "password-hash",
]

[[package]]
name = "autocfg"
version = "1.5.0"
source = "registry+https://github.com/rust-lang/crates.io-index"
checksum = "c08606f8c3cbf4ce6ec8e28fb0014a2c086708fe954eaa885384a6165172e7e8"

[[package]]
name = "base16ct"
version = "0.3.0"
source = "registry+https://github.com/rust-lang/crates.io-index"
checksum = "d8b59d472eab27ade8d770dcb11da7201c11234bef9f82ce7aa517be028d462b"

[[package]]
name = "base64ct"
version = "1.8.0"
source = "registry+https://github.com/rust-lang/crates.io-index"
checksum = "55248b47b0caf0546f7988906588779981c43bb1bc9d0c44087278f80cdb44ba"

[[package]]
name = "bcrypt-pbkdf"
version = "0.11.0-rc.1"
source = "registry+https://github.com/rust-lang/crates.io-index"
checksum = "b1bf369918379398613de5b595f0f843a9c0eaef8266d33a54fb7f82c69f846e"
dependencies = [
 "blowfish",
 "pbkdf2",
 "sha2",
]

[[package]]
name = "bitflags"
version = "2.9.1"
source = "registry+https://github.com/rust-lang/crates.io-index"
checksum = "1b8e56985ec62d17e9c1001dc89c88ecd7dc08e47eba5ec7c29c7b5eeecde967"

[[package]]
name = "blake2"
version = "0.11.0-rc.2"
source = "registry+https://github.com/rust-lang/crates.io-index"
checksum = "1edac47499deef695d9431bf241c75ea29f4cf3dcb78d39e19b31515e4ad3b08"
dependencies = [
 "digest",
]

[[package]]
name = "block-buffer"
version = "0.11.0-rc.5"
source = "registry+https://github.com/rust-lang/crates.io-index"
checksum = "e9ef36a6fcdb072aa548f3da057640ec10859eb4e91ddf526ee648d50c76a949"
dependencies = [
 "hybrid-array",
 "zeroize",
]

[[package]]
name = "block-padding"
version = "0.4.0-rc.4"
source = "registry+https://github.com/rust-lang/crates.io-index"
checksum = "7e59c1aab3e6c5e56afe1b7e8650be9b5a791cb997bdea449194ae62e4bf8c73"
dependencies = [
 "hybrid-array",
]

[[package]]
name = "blowfish"
version = "0.10.0-rc.1"
source = "registry+https://github.com/rust-lang/crates.io-index"
checksum = "0f4f049baa079f3b50e74ad3b1fb0585db8ec51f08939671bd6fb4d65886b758"
dependencies = [
 "byteorder",
 "cipher",
]

[[package]]
name = "byteorder"
version = "1.5.0"
source = "registry+https://github.com/rust-lang/crates.io-index"
checksum = "1fd0f2584146f6f2ef48085050886acf353beff7305ebd1ae69500e27c67f64b"

[[package]]
name = "bytes"
version = "1.10.1"
source = "registry+https://github.com/rust-lang/crates.io-index"
checksum = "d71b6127be86fdcfddb610f7182ac57211d4b18a3e9c82eb2d17662f2227ad6a"

[[package]]
name = "cbc"
version = "0.2.0-rc.1"
source = "registry+https://github.com/rust-lang/crates.io-index"
checksum = "5dbf9e5b071e9de872e32b73f485e8f644ff47c7011d95476733e7482ee3e5c3"
dependencies = [
 "cipher",
]

[[package]]
name = "cfg-if"
version = "1.0.1"
source = "registry+https://github.com/rust-lang/crates.io-index"
checksum = "9555578bc9e57714c812a1f84e4fc5b4d21fcb063490c624de019f7464c91268"

[[package]]
name = "chacha20"
version = "0.10.0-rc.1"
source = "registry+https://github.com/rust-lang/crates.io-index"
checksum = "6715ea8ef83a13ae76da6239f97762debdf7f5fa45a638dc9c585423a9cd4834"
dependencies = [
 "cfg-if",
 "cipher",
 "cpufeatures",
 "zeroize",
]

[[package]]
name = "cipher"
version = "0.5.0-rc.1"
source = "registry+https://github.com/rust-lang/crates.io-index"
checksum = "1e12a13eb01ded5d32ee9658d94f553a19e804204f2dc811df69ab4d9e0cb8c7"
dependencies = [
 "block-buffer",
 "crypto-common",
 "inout",
 "zeroize",
]

[[package]]
name = "const-oid"
version = "0.10.1"
source = "registry+https://github.com/rust-lang/crates.io-index"
checksum = "0dabb6555f92fb9ee4140454eb5dcd14c7960e1225c6d1a6cc361f032947713e"

[[package]]
name = "cpufeatures"
version = "0.2.17"
source = "registry+https://github.com/rust-lang/crates.io-index"
checksum = "59ed5838eebb26a2bb2e58f6d5b5316989ae9d08bab10e0e6d103e656d1b0280"
dependencies = [
 "libc",
]

[[package]]
name = "crypto-bigint"
version = "0.7.0-rc.4"
source = "registry+https://github.com/rust-lang/crates.io-index"
checksum = "7c069823f41bdc75e99546bfd59eb1ed27d69dc720e5c949fe502b82926f8448"
dependencies = [
 "hybrid-array",
 "num-traits",
 "rand_core",
 "serdect",
 "subtle",
 "zeroize",
]

[[package]]
name = "crypto-common"
version = "0.2.0-rc.4"
source = "registry+https://github.com/rust-lang/crates.io-index"
checksum = "6a8235645834fbc6832939736ce2f2d08192652269e11010a6240f61b908a1c6"
dependencies = [
 "hybrid-array",
]

[[package]]
name = "crypto-primes"
version = "0.7.0-pre.1"
source = "registry+https://github.com/rust-lang/crates.io-index"
checksum = "ae744b9f528151f8c440cf67498f24d2d1ac0ab536b5ce7b1f87a7a5961bd1c1"
dependencies = [
 "crypto-bigint",
 "libm",
 "rand_core",
]

[[package]]
name = "ctr"
version = "0.10.0-rc.1"
source = "registry+https://github.com/rust-lang/crates.io-index"
checksum = "27e41d01c6f73b9330177f5cf782ae5b581b5f2c7840e298e0275ceee5001434"
dependencies = [
 "cipher",
]

[[package]]
name = "curve25519-dalek"
version = "5.0.0-pre.0"
source = "registry+https://github.com/rust-lang/crates.io-index"
checksum = "cdebdcbeb8f27a33dd326d0c6382a475a838abbb306bfd573b79d5e39be7afd3"
dependencies = [
 "cfg-if",
 "cpufeatures",
 "curve25519-dalek-derive",
 "digest",
 "fiat-crypto",
 "rustc_version",
 "subtle",
]

[[package]]
name = "curve25519-dalek-derive"
version = "0.1.1"
source = "registry+https://github.com/rust-lang/crates.io-index"
checksum = "f46882e17999c6cc590af592290432be3bce0428cb0d5f8b6715e4dc7b383eb3"
dependencies = [
 "proc-macro2",
 "quote",
 "syn",
]

[[package]]
name = "der"
version = "0.8.0-rc.8"
source = "registry+https://github.com/rust-lang/crates.io-index"
checksum = "7050e8041c28720851f7db83183195b6acf375bb7bb28e3b86f0fe6cbd69459d"
dependencies = [
 "const-oid",
 "zeroize",
]

[[package]]
name = "des"
version = "0.9.0-rc.1"
source = "registry+https://github.com/rust-lang/crates.io-index"
checksum = "3f51594a70805988feb1c85495ddec0c2052e4fbe59d9c0bb7f94bfc164f4f90"
dependencies = [
 "cipher",
]

[[package]]
name = "digest"
version = "0.11.0-rc.1"
source = "registry+https://github.com/rust-lang/crates.io-index"
checksum = "3a4aae35a0fcbe22ff1be50fe96df72002d5a4a6fb4aae9193cf2da0daa36da2"
dependencies = [
 "block-buffer",
 "const-oid",
 "crypto-common",
 "subtle",
]

[[package]]
name = "dsa"
version = "0.7.0-rc.5"
source = "registry+https://github.com/rust-lang/crates.io-index"
checksum = "6abe56a5fd6e0006b67436d77180898a3792257917e417ab10f17ade085247ec"
dependencies = [
 "crypto-bigint",
 "crypto-primes",
 "der",
 "digest",
 "rfc6979",
 "sha2",
 "signature",
 "zeroize",
]

[[package]]
name = "ecdsa"
version = "0.17.0-rc.6"
source = "registry+https://github.com/rust-lang/crates.io-index"
checksum = "a4aa27d88fe1d40a293286027c9306393094d9b36ccd91f2ac4d647870dc0042"
dependencies = [
 "der",
 "digest",
 "elliptic-curve",
 "rfc6979",
 "signature",
 "zeroize",
]

[[package]]
name = "ed25519"
version = "3.0.0-pre.0"
source = "registry+https://github.com/rust-lang/crates.io-index"
checksum = "e6e01f644da45b2f83a7c40f6895ccc467ce60d6163c729d9fe4351eaa42c512"
dependencies = [
 "signature",
]

[[package]]
name = "ed25519-dalek"
version = "3.0.0-pre.0"
source = "registry+https://github.com/rust-lang/crates.io-index"
checksum = "5e0db9678ad1873a245383faabce5bf0636b15edc8742f7bf5425f3a82d74c49"
dependencies = [
 "curve25519-dalek",
 "ed25519",
 "sha2",
 "subtle",
]

[[package]]
name = "elliptic-curve"
version = "0.14.0-rc.13"
source = "registry+https://github.com/rust-lang/crates.io-index"
checksum = "3b95fd42abd85018a59f5dbe05551e9eed19edfd1182a415cd98f90ca5af1422"
dependencies = [
 "base16ct",
 "crypto-bigint",
 "digest",
 "ff",
 "group",
 "hybrid-array",
 "rand_core",
 "sec1",
 "subtle",
 "zeroize",
]

[[package]]
name = "ff"
version = "0.14.0-pre.0"
source = "registry+https://github.com/rust-lang/crates.io-index"
checksum = "d42dd26f5790eda47c1a2158ea4120e32c35ddc9a7743c98a292accc01b54ef3"
dependencies = [
 "rand_core",
 "subtle",
]

[[package]]
name = "fiat-crypto"
version = "0.3.0"
source = "registry+https://github.com/rust-lang/crates.io-index"
checksum = "64cd1e32ddd350061ae6edb1b082d7c54915b5c672c389143b9a63403a109f24"

[[package]]
name = "getrandom"
version = "0.3.3"
source = "registry+https://github.com/rust-lang/crates.io-index"
checksum = "26145e563e54f2cadc477553f1ec5ee650b00862f0a58bcd12cbdc5f0ea2d2f4"
dependencies = [
 "cfg-if",
 "libc",
 "r-efi",
 "wasi",
]

[[package]]
name = "ghash"
version = "0.6.0-rc.2"
source = "registry+https://github.com/rust-lang/crates.io-index"
checksum = "4f88107cb02ed63adcc4282942e60c4d09d80208d33b360ce7c729ce6dae1739"
dependencies = [
 "polyval",
]

[[package]]
name = "group"
version = "0.14.0-pre.0"
source = "registry+https://github.com/rust-lang/crates.io-index"
checksum = "1ff6a0b2dd4b981b1ae9e3e6830ab146771f3660d31d57bafd9018805a91b0f1"
dependencies = [
 "ff",
 "rand_core",
 "subtle",
]

[[package]]
name = "hex"
version = "0.4.3"
source = "registry+https://github.com/rust-lang/crates.io-index"
checksum = "7f24254aa9a54b5c858eaee2f5bccdb46aaf0e486a595ed5fd8f86ba55232a70"

[[package]]
name = "hex-literal"
version = "1.0.0"
source = "registry+https://github.com/rust-lang/crates.io-index"
checksum = "bcaaec4551594c969335c98c903c1397853d4198408ea609190f420500f6be71"

[[package]]
name = "hmac"
version = "0.13.0-rc.1"
source = "registry+https://github.com/rust-lang/crates.io-index"
checksum = "49e206bca159aebaaed410f5e78b2fe56bfc0dd5b19ecae922813b8556b8b07e"
dependencies = [
 "digest",
]

[[package]]
name = "home"
version = "0.5.11"
source = "registry+https://github.com/rust-lang/crates.io-index"
checksum = "589533453244b0995c858700322199b2becb13b627df2851f64a2775d024abcf"
dependencies = [
 "windows-sys",
]

[[package]]
name = "hybrid-array"
version = "0.4.0"
source = "registry+https://github.com/rust-lang/crates.io-index"
checksum = "6fe39a812f039072707ce38020acbab2f769087952eddd9e2b890f37654b2349"
dependencies = [
 "typenum",
 "zeroize",
]

[[package]]
name = "inout"
version = "0.2.0-rc.6"
source = "registry+https://github.com/rust-lang/crates.io-index"
checksum = "1603f76010ff924b616c8f44815a42eb10fb0b93d308b41deaa8da6d4251fd4b"
dependencies = [
 "block-padding",
 "hybrid-array",
]

[[package]]
name = "libc"
version = "0.2.174"
source = "registry+https://github.com/rust-lang/crates.io-index"
checksum = "1171693293099992e19cddea4e8b849964e9846f4acee11b3948bcc337be8776"

[[package]]
name = "libm"
version = "0.2.15"
source = "registry+https://github.com/rust-lang/crates.io-index"
checksum = "f9fbbcab51052fe104eb5e5d351cf728d30a5be1fe14d9be8a3b097481fb97de"

[[package]]
name = "num-traits"
version = "0.2.19"
source = "registry+https://github.com/rust-lang/crates.io-index"
checksum = "071dfc062690e90b734c0b2273ce72ad0ffa95f0c74596bc250dcfd960262841"
dependencies = [
 "autocfg",
]

[[package]]
name = "p256"
version = "0.14.0-pre.10"
source = "registry+https://github.com/rust-lang/crates.io-index"
checksum = "aa93e068b773d56fe26be53accf127d6eb0fde35e4116b7a9276db97b6a50ec9"
dependencies = [
 "ecdsa",
 "elliptic-curve",
 "primefield",
 "primeorder",
 "sha2",
]

[[package]]
name = "p384"
version = "0.14.0-pre.10"
source = "registry+https://github.com/rust-lang/crates.io-index"
checksum = "74d17e7d4276af996c6c52de52db4df6b676c5efc3a4269e56c9473edee1786d"
dependencies = [
 "ecdsa",
 "elliptic-curve",
 "primefield",
 "primeorder",
 "sha2",
]

[[package]]
name = "p521"
version = "0.14.0-pre.10"
source = "registry+https://github.com/rust-lang/crates.io-index"
checksum = "2a70f4308991bf35f1632d55155c3ca137f9ce05c6de00be51705bbaa3451cfe"
dependencies = [
 "base16ct",
 "ecdsa",
 "elliptic-curve",
 "primefield",
 "primeorder",
 "sha2",
]

[[package]]
name = "password-hash"
version = "0.6.0-rc.1"
source = "registry+https://github.com/rust-lang/crates.io-index"
checksum = "8ee14c44aa1c04c22c4d4532c4fa2cdd5b6d31c2514a5898530d889fc2fc2737"
dependencies = [
 "base64ct",
 "rand_core",
 "subtle",
]

[[package]]
name = "pbkdf2"
version = "0.13.0-rc.1"
source = "registry+https://github.com/rust-lang/crates.io-index"
checksum = "ca3fc18bb4460ac250ba6b75dfa7cf9d0b2273e3e623f660bd6ce2c3e902342e"
dependencies = [
 "digest",
]

[[package]]
name = "pem-rfc7468"
version = "1.0.0-rc.3"
source = "registry+https://github.com/rust-lang/crates.io-index"
checksum = "a8e58fab693c712c0d4e88f8eb3087b6521d060bcaf76aeb20cb192d809115ba"
dependencies = [
 "base64ct",
]

[[package]]
name = "poly1305"
version = "0.9.0-rc.2"
source = "registry+https://github.com/rust-lang/crates.io-index"
checksum = "fb78a635f75d76d856374961deecf61031c0b6f928c83dc9c0924ab6c019c298"
dependencies = [
 "cpufeatures",
 "universal-hash",
 "zeroize",
]

[[package]]
name = "polyval"
version = "0.7.0-rc.2"
source = "registry+https://github.com/rust-lang/crates.io-index"
checksum = "1ffd40cc99d0fbb02b4b3771346b811df94194bc103983efa0203c8893755085"
dependencies = [
 "cfg-if",
 "cpufeatures",
 "universal-hash",
]

[[package]]
name = "ppv-lite86"
version = "0.2.21"
source = "registry+https://github.com/rust-lang/crates.io-index"
checksum = "85eae3c4ed2f50dcfe72643da4befc30deadb458a9b590d720cde2f2b1e97da9"
dependencies = [
 "zerocopy",
]

[[package]]
name = "primefield"
version = "0.14.0-pre.5"
source = "registry+https://github.com/rust-lang/crates.io-index"
checksum = "049f40103b7e4b0da4e20ed8556805efa740f7104c48991c5f9ab8e09e10ee21"
dependencies = [
 "crypto-bigint",
 "ff",
 "rand_core",
 "subtle",
 "zeroize",
]

[[package]]
name = "primeorder"
version = "0.14.0-pre.8"
source = "registry+https://github.com/rust-lang/crates.io-index"
checksum = "9257332cf7e56fa8183f719977b92f1878cb1447275d0ee280a08bcd6fad158f"
dependencies = [
 "elliptic-curve",
]

[[package]]
name = "proc-macro2"
version = "1.0.95"
source = "registry+https://github.com/rust-lang/crates.io-index"
checksum = "02b3e5e68a3a1a02aad3ec490a98007cbc13c37cbe84a3cd7b8e406d76e7f778"
dependencies = [
 "unicode-ident",
]

[[package]]
name = "quote"
version = "1.0.40"
source = "registry+https://github.com/rust-lang/crates.io-index"
checksum = "1885c039570dc00dcb4ff087a89e185fd56bae234ddc7f056a945bf36467248d"
dependencies = [
 "proc-macro2",
]

[[package]]
name = "r-efi"
version = "5.3.0"
source = "registry+https://github.com/rust-lang/crates.io-index"
checksum = "69cdb34c158ceb288df11e18b4bd39de994f6657d83847bdffdbd7f346754b0f"

[[package]]
name = "rand_chacha"
version = "0.9.0"
source = "registry+https://github.com/rust-lang/crates.io-index"
checksum = "d3022b5f1df60f26e1ffddd6c66e8aa15de382ae63b3a0c1bfc0e4d3e3f325cb"
dependencies = [
 "ppv-lite86",
 "rand_core",
]

[[package]]
name = "rand_core"
version = "0.9.3"
source = "registry+https://github.com/rust-lang/crates.io-index"
checksum = "99d9a13982dcf210057a8a78572b2217b667c3beacbf3a0d8b454f6f82837d38"
dependencies = [
 "getrandom",
]

[[package]]
name = "rfc6979"
version = "0.5.0-rc.1"
source = "registry+https://github.com/rust-lang/crates.io-index"
checksum = "d369f9c4f79388704648e7bcb92749c0d6cf4397039293a9b747694fa4fb4bae"
dependencies = [
 "hmac",
 "subtle",
]

[[package]]
name = "rsa"
version = "0.10.0-rc.6"
source = "registry+https://github.com/rust-lang/crates.io-index"
checksum = "12c09fc7922fb8b7de31cc809df908e30e0ed46eb33046c6e1e438ef8ec3466b"
dependencies = [
 "const-oid",
 "crypto-bigint",
 "crypto-primes",
 "digest",
 "rand_core",
 "sha2",
 "signature",
 "subtle",
 "zeroize",
]

[[package]]
name = "rustc_version"
version = "0.4.1"
source = "registry+https://github.com/rust-lang/crates.io-index"
checksum = "cfcb3a22ef46e85b45de6ee7e79d063319ebb6594faafcf1c225ea92ab6e9b92"
dependencies = [
 "semver",
]

[[package]]
name = "sec1"
version = "0.8.0-rc.9"
source = "registry+https://github.com/rust-lang/crates.io-index"
checksum = "f5e67a3c9fb9a8f065af9fa30d65812fcc16a66cbf911eff1f6946957ce48f16"
dependencies = [
 "base16ct",
 "der",
 "hybrid-array",
 "subtle",
 "zeroize",
]

[[package]]
name = "semver"
version = "1.0.26"
source = "registry+https://github.com/rust-lang/crates.io-index"
checksum = "56e6fa9c48d24d85fb3de5ad847117517440f6beceb7798af16b4a87d616b8d0"

[[package]]
name = "serde"
version = "1.0.219"
source = "registry+https://github.com/rust-lang/crates.io-index"
checksum = "5f0e2c6ed6606019b4e29e69dbaba95b11854410e5347d525002456dbbb786b6"
dependencies = [
 "serde_derive",
]

[[package]]
name = "serde_derive"
version = "1.0.219"
source = "registry+https://github.com/rust-lang/crates.io-index"
checksum = "5b0276cf7f2c73365f7157c8123c21cd9a50fbbd844757af28ca1f5925fc2a00"
dependencies = [
 "proc-macro2",
 "quote",
 "syn",
]

[[package]]
name = "serdect"
version = "0.4.1"
source = "registry+https://github.com/rust-lang/crates.io-index"
checksum = "d3ef0e35b322ddfaecbc60f34ab448e157e48531288ee49fafbb053696b8ffe2"
dependencies = [
 "base16ct",
 "serde",
]

[[package]]
name = "sha1"
version = "0.11.0-rc.2"
source = "registry+https://github.com/rust-lang/crates.io-index"
checksum = "c5e046edf639aa2e7afb285589e5405de2ef7e61d4b0ac1e30256e3eab911af9"
dependencies = [
 "cfg-if",
 "cpufeatures",
 "digest",
]

[[package]]
name = "sha2"
version = "0.11.0-rc.2"
source = "registry+https://github.com/rust-lang/crates.io-index"
checksum = "d1e3878ab0f98e35b2df35fe53201d088299b41a6bb63e3e34dada2ac4abd924"
dependencies = [
 "cfg-if",
 "cpufeatures",
 "digest",
]

[[package]]
name = "signature"
version = "3.0.0-rc.3"
source = "registry+https://github.com/rust-lang/crates.io-index"
checksum = "39195ff4c0dc41c93e123825ca1f0d11b856df8b26d5fe140a522355632c4345"
dependencies = [
 "digest",
 "rand_core",
]

[[package]]
name = "ssh-cipher"
version = "0.3.0-rc.3"
dependencies = [
 "aead",
 "aes",
 "aes-gcm",
 "cbc",
 "chacha20",
 "cipher",
 "ctr",
 "des",
 "hex-literal",
 "poly1305",
 "ssh-encoding",
 "subtle",
 "zeroize",
]

[[package]]
name = "ssh-derive"
version = "0.3.0-rc.0"
dependencies = [
 "proc-macro2",
 "quote",
 "syn",
]

[[package]]
name = "ssh-encoding"
version = "0.3.0-rc.2"
dependencies = [
 "base64ct",
 "bytes",
 "crypto-bigint",
 "digest",
 "hex-literal",
 "pem-rfc7468",
 "ssh-derive",
 "subtle",
 "zeroize",
]

[[package]]
name = "ssh-key"
version = "0.7.0-rc.2"
dependencies = [
 "argon2",
 "bcrypt-pbkdf",
 "dsa",
 "ed25519-dalek",
 "hex",
 "hex-literal",
 "hmac",
 "home",
 "p256",
 "p384",
 "p521",
 "rand_chacha",
 "rand_core",
 "rsa",
 "sec1",
 "serde",
 "sha1",
 "sha2",
 "signature",
 "ssh-cipher",
 "ssh-encoding",
 "subtle",
 "zeroize",
]

[[package]]
name = "ssh-protocol"
version = "0.3.0-rc.1"
dependencies = [
 "ssh-cipher",
 "ssh-encoding",
 "ssh-key",
]

[[package]]
name = "subtle"
version = "2.6.1"
source = "registry+https://github.com/rust-lang/crates.io-index"
checksum = "13c2bddecc57b384dee18652358fb23172facb8a2c51ccc10d74c157bdea3292"

[[package]]
name = "syn"
version = "2.0.104"
source = "registry+https://github.com/rust-lang/crates.io-index"
checksum = "17b6f705963418cdb9927482fa304bc562ece2fdd4f616084c50b7023b435a40"
dependencies = [
 "proc-macro2",
 "quote",
 "unicode-ident",
]

[[package]]
name = "typenum"
version = "1.18.0"
source = "registry+https://github.com/rust-lang/crates.io-index"
checksum = "1dccffe3ce07af9386bfd29e80c0ab1a8205a2fc34e4bcd40364df902cfa8f3f"

[[package]]
name = "unicode-ident"
version = "1.0.18"
source = "registry+https://github.com/rust-lang/crates.io-index"
checksum = "5a5f39404a5da50712a4c1eecf25e90dd62b613502b7e925fd4e4d19b5c96512"

[[package]]
name = "universal-hash"
version = "0.6.0-rc.2"
source = "registry+https://github.com/rust-lang/crates.io-index"
checksum = "a55be643b40a21558f44806b53ee9319595bc7ca6896372e4e08e5d7d83c9cd6"
dependencies = [
 "crypto-common",
 "subtle",
]

[[package]]
name = "wasi"
version = "0.14.2+wasi-0.2.4"
source = "registry+https://github.com/rust-lang/crates.io-index"
checksum = "9683f9a5a998d873c0d21fcbe3c083009670149a8fab228644b8bd36b2c48cb3"
dependencies = [
 "wit-bindgen-rt",
]

[[package]]
name = "windows-sys"
version = "0.59.0"
source = "registry+https://github.com/rust-lang/crates.io-index"
checksum = "1e38bc4d79ed67fd075bcc251a1c39b32a1776bbe92e5bef1f0bf1f8c531853b"
dependencies = [
 "windows-targets",
]

[[package]]
name = "windows-targets"
version = "0.52.6"
source = "registry+https://github.com/rust-lang/crates.io-index"
checksum = "9b724f72796e036ab90c1021d4780d4d3d648aca59e491e6b98e725b84e99973"
dependencies = [
 "windows_aarch64_gnullvm",
 "windows_aarch64_msvc",
 "windows_i686_gnu",
 "windows_i686_gnullvm",
 "windows_i686_msvc",
 "windows_x86_64_gnu",
 "windows_x86_64_gnullvm",
 "windows_x86_64_msvc",
]

[[package]]
name = "windows_aarch64_gnullvm"
version = "0.52.6"
source = "registry+https://github.com/rust-lang/crates.io-index"
checksum = "32a4622180e7a0ec044bb555404c800bc9fd9ec262ec147edd5989ccd0c02cd3"

[[package]]
name = "windows_aarch64_msvc"
version = "0.52.6"
source = "registry+https://github.com/rust-lang/crates.io-index"
checksum = "09ec2a7bb152e2252b53fa7803150007879548bc709c039df7627cabbd05d469"

[[package]]
name = "windows_i686_gnu"
version = "0.52.6"
source = "registry+https://github.com/rust-lang/crates.io-index"
checksum = "8e9b5ad5ab802e97eb8e295ac6720e509ee4c243f69d781394014ebfe8bbfa0b"

[[package]]
name = "windows_i686_gnullvm"
version = "0.52.6"
source = "registry+https://github.com/rust-lang/crates.io-index"
checksum = "0eee52d38c090b3caa76c563b86c3a4bd71ef1a819287c19d586d7334ae8ed66"

[[package]]
name = "windows_i686_msvc"
version = "0.52.6"
source = "registry+https://github.com/rust-lang/crates.io-index"
checksum = "240948bc05c5e7c6dabba28bf89d89ffce3e303022809e73deaefe4f6ec56c66"

[[package]]
name = "windows_x86_64_gnu"
version = "0.52.6"
source = "registry+https://github.com/rust-lang/crates.io-index"
checksum = "147a5c80aabfbf0c7d901cb5895d1de30ef2907eb21fbbab29ca94c5b08b1a78"

[[package]]
name = "windows_x86_64_gnullvm"
version = "0.52.6"
source = "registry+https://github.com/rust-lang/crates.io-index"
checksum = "24d5b23dc417412679681396f2b49f3de8c1473deb516bd34410872eff51ed0d"

[[package]]
name = "windows_x86_64_msvc"
version = "0.52.6"
source = "registry+https://github.com/rust-lang/crates.io-index"
checksum = "589f6da84c646204747d1270a2a5661ea66ed1cced2631d546fdfb155959f9ec"

[[package]]
name = "wit-bindgen-rt"
version = "0.39.0"
source = "registry+https://github.com/rust-lang/crates.io-index"
checksum = "6f42320e61fe2cfd34354ecb597f86f413484a798ba44a8ca1165c58d42da6c1"
dependencies = [
 "bitflags",
]

[[package]]
name = "zerocopy"
version = "0.8.26"
source = "registry+https://github.com/rust-lang/crates.io-index"
checksum = "1039dd0d3c310cf05de012d8a39ff557cb0d23087fd44cad61df08fc31907a2f"
dependencies = [
 "zerocopy-derive",
]

[[package]]
name = "zerocopy-derive"
version = "0.8.26"
source = "registry+https://github.com/rust-lang/crates.io-index"
checksum = "9ecf5b4cc5364572d7f4c329661bcc82724222973f2cab6f050a4e5c22f75181"
dependencies = [
 "proc-macro2",
 "quote",
 "syn",
]

[[package]]
name = "zeroize"
version = "1.8.1"
source = "registry+https://github.com/rust-lang/crates.io-index"
checksum = "ced3678a2879b30306d323f4542626697a464a97c0a07c9aebf7ebca65cd4dde"
