# This file is automatically @generated by Cargo.
# It is not intended for manual editing.
version = 3

[[package]]
name = "aead"
version = "0.6.0-pre.0"
source = "registry+https://github.com/rust-lang/crates.io-index"
checksum = "3de53f67567d2692f69357ee20fef7ddf7969d1dff34acefc05db91873aee0ce"
dependencies = [
 "crypto-common",
]

[[package]]
name = "aes"
version = "0.9.0-pre"
source = "registry+https://github.com/rust-lang/crates.io-index"
checksum = "25512cae539ab9089dcbd69c4f704e787fdc8c1cea8d9daa68a9d89b02b0501f"
dependencies = [
 "cfg-if",
 "cipher",
 "cpufeatures",
]

[[package]]
name = "aes-gcm"
version = "0.11.0-pre"
source = "git+https://github.com/RustCrypto/AEADs.git#ad109f38b03124e7498bfe5e9830d1328f811d27"
dependencies = [
 "aead",
 "aes",
 "cipher",
 "ctr",
 "ghash",
 "subtle",
]

[[package]]
name = "autocfg"
version = "1.3.0"
source = "registry+https://github.com/rust-lang/crates.io-index"
checksum = "0c4b4d0bd25bd0b74681c0ad21497610ce1b7c91b1022cd21c80c6fbdd9476b0"

[[package]]
name = "base16ct"
version = "0.2.0"
source = "registry+https://github.com/rust-lang/crates.io-index"
checksum = "4c7f02d4ea65f2c1853089ffd8d2787bdbc63de2f0d29dedbcf8ccdfa0ccd4cf"

[[package]]
name = "base64ct"
version = "1.6.0"
source = "registry+https://github.com/rust-lang/crates.io-index"
checksum = "8c3c1a368f70d6cf7302d78f8f7093da241fb8e8807c05cc9e51a125895a6d5b"

[[package]]
name = "bcrypt-pbkdf"
version = "0.11.0-pre.0"
source = "git+https://github.com/RustCrypto/password-hashes.git#b06febccf09142840624c34129505436f83e5bd7"
dependencies = [
 "blowfish",
 "pbkdf2",
 "sha2",
]

[[package]]
name = "block-buffer"
version = "0.11.0-pre.5"
source = "registry+https://github.com/rust-lang/crates.io-index"
checksum = "3ded684142010808eb980d9974ef794da2bcf97d13396143b1515e9f0fb4a10e"
dependencies = [
 "crypto-common",
]

[[package]]
name = "block-padding"
version = "0.4.0-pre.4"
source = "registry+https://github.com/rust-lang/crates.io-index"
checksum = "e8ab21a8964437caf2e83a92a1221ce65e356a2a9b8b52d58bece04005fe114e"
dependencies = [
 "hybrid-array",
]

[[package]]
name = "blowfish"
version = "0.10.0-pre"
source = "git+https://github.com/RustCrypto/block-ciphers.git#ae1892c8600131227531504812260e3d2821d01e"
dependencies = [
 "byteorder",
 "cipher",
]

[[package]]
name = "byteorder"
version = "1.5.0"
source = "registry+https://github.com/rust-lang/crates.io-index"
checksum = "1fd0f2584146f6f2ef48085050886acf353beff7305ebd1ae69500e27c67f64b"

[[package]]
name = "bytes"
version = "1.6.1"
source = "registry+https://github.com/rust-lang/crates.io-index"
checksum = "a12916984aab3fa6e39d655a33e09c0071eb36d6ab3aea5c2d78551f1df6d952"

[[package]]
name = "cbc"
version = "0.2.0-pre"
source = "git+https://github.com/RustCrypto/block-modes.git#a0051b2892626f4bd4f96c8ec7ca942a1047bb3c"
dependencies = [
 "cipher",
]

[[package]]
name = "cfg-if"
version = "1.0.0"
source = "registry+https://github.com/rust-lang/crates.io-index"
checksum = "baf1de4339761588bc0619e3cbc0120ee582ebb74b53b4efbf79117bd2da40fd"

[[package]]
name = "chacha20"
version = "0.10.0-pre"
source = "git+https://github.com/RustCrypto/stream-ciphers.git#299b27d618f925762974e1594e3dd2c4534f9940"
dependencies = [
 "cfg-if",
 "cipher",
 "cpufeatures",
]

[[package]]
name = "cipher"
version = "0.5.0-pre.4"
source = "registry+https://github.com/rust-lang/crates.io-index"
checksum = "84fba98785cecd0e308818a87c817576a40f99d8bab6405bf422bacd3efb6c1f"
dependencies = [
 "crypto-common",
 "inout",
]

[[package]]
name = "const-oid"
version = "0.10.0-pre.2"
source = "registry+https://github.com/rust-lang/crates.io-index"
checksum = "f7e3352a27098ba6b09546e5f13b15165e6a88b5c2723afecb3ea9576b27e3ea"

[[package]]
name = "cpufeatures"
version = "0.2.12"
source = "registry+https://github.com/rust-lang/crates.io-index"
checksum = "53fe5e26ff1b7aef8bca9c6080520cfb8d9333c7568e1829cef191a9723e5504"
dependencies = [
 "libc",
]

[[package]]
name = "crypto-bigint"
version = "0.6.0-pre.12"
source = "registry+https://github.com/rust-lang/crates.io-index"
checksum = "1943d7beadd9ce2b25f3bae73b9e9336fccc1edf38bdec1ed58d3aa183989e11"
dependencies = [
 "hybrid-array",
 "num-traits",
 "rand_core",
 "subtle",
 "zeroize",
]

[[package]]
name = "crypto-common"
version = "0.2.0-pre.5"
source = "registry+https://github.com/rust-lang/crates.io-index"
checksum = "b7aa2ec04f5120b830272a481e8d9d8ba4dda140d2cda59b0f1110d5eb93c38e"
dependencies = [
 "getrandom",
 "hybrid-array",
 "rand_core",
]

[[package]]
name = "ctr"
version = "0.10.0-pre"
source = "git+https://github.com/RustCrypto/block-modes.git#a0051b2892626f4bd4f96c8ec7ca942a1047bb3c"
dependencies = [
 "cipher",
]

[[package]]
name = "curve25519-dalek"
version = "4.2.0-pre"
source = "git+https://github.com/baloo/curve25519-dalek.git?branch=baloo/rust-crypto/digest-sha2-bumps#9ccf063be1882425c0a03cf61f5233778b5e655d"
dependencies = [
 "cfg-if",
 "cpufeatures",
 "curve25519-dalek-derive",
 "digest",
 "fiat-crypto",
 "rustc_version",
 "subtle",
]

[[package]]
name = "curve25519-dalek-derive"
version = "0.1.1"
source = "git+https://github.com/baloo/curve25519-dalek.git?branch=baloo/rust-crypto/digest-sha2-bumps#9ccf063be1882425c0a03cf61f5233778b5e655d"
dependencies = [
 "proc-macro2",
 "quote",
 "syn",
]

[[package]]
name = "der"
version = "0.8.0-pre.0"
source = "git+https://github.com/RustCrypto/formats.git#d32a61ea61d44152ce17380964d233b439ce603a"
dependencies = [
 "const-oid",
 "zeroize",
]

[[package]]
name = "des"
version = "0.9.0-pre.0"
source = "registry+https://github.com/rust-lang/crates.io-index"
checksum = "3f106bfb220e7015669775195f68a439f4255a0baf95a437de2846f751b25997"
dependencies = [
 "cipher",
]

[[package]]
name = "digest"
version = "0.11.0-pre.8"
source = "registry+https://github.com/rust-lang/crates.io-index"
checksum = "065d93ead7c220b85d5b4be4795d8398eac4ff68b5ee63895de0a3c1fb6edf25"
dependencies = [
 "block-buffer",
 "const-oid",
 "crypto-common",
 "subtle",
]

[[package]]
name = "dsa"
version = "0.7.0-pre"
source = "git+https://github.com/RustCrypto/signatures.git#62419f8b10319e2992765f153e1042fa5871c1f3"
dependencies = [
 "digest",
 "num-bigint-dig",
 "num-traits",
 "pkcs8",
 "rfc6979",
 "sha2",
 "signature",
 "zeroize",
]

[[package]]
name = "ecdsa"
version = "0.17.0-pre.5"
source = "git+https://github.com/RustCrypto/signatures.git#62419f8b10319e2992765f153e1042fa5871c1f3"
dependencies = [
 "der",
 "digest",
 "elliptic-curve",
 "rfc6979",
 "signature",
 "spki",
]

[[package]]
name = "ed25519"
version = "2.3.0-pre"
source = "git+https://github.com/RustCrypto/signatures.git#62419f8b10319e2992765f153e1042fa5871c1f3"
dependencies = [
 "signature",
]

[[package]]
name = "ed25519-dalek"
version = "2.2.0-pre"
source = "git+https://github.com/baloo/curve25519-dalek.git?branch=baloo/rust-crypto/digest-sha2-bumps#9ccf063be1882425c0a03cf61f5233778b5e655d"
dependencies = [
 "curve25519-dalek",
 "ed25519",
 "sha2",
 "subtle",
]

[[package]]
name = "elliptic-curve"
version = "0.14.0-pre.5"
source = "registry+https://github.com/rust-lang/crates.io-index"
checksum = "4a1775af172997a40c14854c3a9fde9e03e5772084b334b6a0bb18bf7f93ac16"
dependencies = [
 "base16ct",
 "crypto-bigint",
 "digest",
 "ff",
 "group",
 "hybrid-array",
 "pkcs8",
 "rand_core",
 "sec1",
 "subtle",
 "zeroize",
]

[[package]]
name = "ff"
version = "0.13.0"
source = "registry+https://github.com/rust-lang/crates.io-index"
checksum = "ded41244b729663b1e574f1b4fb731469f69f79c17667b5d776b16cda0479449"
dependencies = [
 "rand_core",
 "subtle",
]

[[package]]
name = "fiat-crypto"
version = "0.2.9"
source = "registry+https://github.com/rust-lang/crates.io-index"
checksum = "28dea519a9695b9977216879a3ebfddf92f1c08c05d984f8996aecd6ecdc811d"

[[package]]
name = "getrandom"
version = "0.2.15"
source = "registry+https://github.com/rust-lang/crates.io-index"
checksum = "c4567c8db10ae91089c99af84c68c38da3ec2f087c3f82960bcdbf3656b6f4d7"
dependencies = [
 "cfg-if",
 "libc",
 "wasi",
]

[[package]]
name = "ghash"
version = "0.6.0-pre.0"
source = "registry+https://github.com/rust-lang/crates.io-index"
checksum = "43f25097bbd647ae1fdd2fd6bcf100b77c5151e26af9cc2d2e81742c2cac27b7"
dependencies = [
 "opaque-debug",
 "polyval",
]

[[package]]
name = "group"
version = "0.13.0"
source = "registry+https://github.com/rust-lang/crates.io-index"
checksum = "f0f9ef7462f7c099f518d754361858f86d8a07af53ba9af0fe635bbccb151a63"
dependencies = [
 "ff",
 "rand_core",
 "subtle",
]

[[package]]
name = "hex-literal"
version = "0.4.1"
source = "registry+https://github.com/rust-lang/crates.io-index"
checksum = "6fe2267d4ed49bc07b63801559be28c718ea06c4738b7a03c94df7386d2cde46"

[[package]]
name = "hmac"
version = "0.13.0-pre.3"
source = "registry+https://github.com/rust-lang/crates.io-index"
checksum = "ffd790a0795ee332ed3e8959e5b177beb70d7112eb7d345428ec17427897d5ce"
dependencies = [
 "digest",
]

[[package]]
name = "hybrid-array"
version = "0.2.0-rc.9"
source = "registry+https://github.com/rust-lang/crates.io-index"
checksum = "4d306b679262030ad8813a82d4915fc04efff97776e4db7f8eb5137039d56400"
dependencies = [
 "typenum",
 "zeroize",
]

[[package]]
name = "inout"
version = "0.2.0-pre.4"
source = "registry+https://github.com/rust-lang/crates.io-index"
checksum = "0a2cc35b920cc3b344af824e64e508ffc2c819fc2368ed4d253244446194d2fe"
dependencies = [
 "block-padding",
 "hybrid-array",
]

[[package]]
name = "lazy_static"
version = "1.5.0"
source = "registry+https://github.com/rust-lang/crates.io-index"
checksum = "bbd2bcb4c963f2ddae06a2efc7e9f3591312473c50c6685e1f298068316e66fe"
dependencies = [
 "spin",
]

[[package]]
name = "libc"
version = "0.2.155"
source = "registry+https://github.com/rust-lang/crates.io-index"
checksum = "97b3888a4aecf77e811145cadf6eef5901f4782c53886191b2f693f24761847c"

[[package]]
name = "libm"
version = "0.2.8"
source = "registry+https://github.com/rust-lang/crates.io-index"
checksum = "4ec2a862134d2a7d32d7983ddcdd1c4923530833c9f2ea1a44fc5fa473989058"

[[package]]
name = "num-bigint-dig"
version = "0.8.4"
source = "registry+https://github.com/rust-lang/crates.io-index"
checksum = "dc84195820f291c7697304f3cbdadd1cb7199c0efc917ff5eafd71225c136151"
dependencies = [
 "byteorder",
 "lazy_static",
 "libm",
 "num-integer",
 "num-iter",
 "num-traits",
 "rand",
 "smallvec",
 "zeroize",
]

[[package]]
name = "num-integer"
version = "0.1.46"
source = "registry+https://github.com/rust-lang/crates.io-index"
checksum = "7969661fd2958a5cb096e56c8e1ad0444ac2bbcd0061bd28660485a44879858f"
dependencies = [
 "num-traits",
]

[[package]]
name = "num-iter"
version = "0.1.45"
source = "registry+https://github.com/rust-lang/crates.io-index"
checksum = "1429034a0490724d0075ebb2bc9e875d6503c3cf69e235a8941aa757d83ef5bf"
dependencies = [
 "autocfg",
 "num-integer",
 "num-traits",
]

[[package]]
name = "num-traits"
version = "0.2.19"
source = "registry+https://github.com/rust-lang/crates.io-index"
checksum = "071dfc062690e90b734c0b2273ce72ad0ffa95f0c74596bc250dcfd960262841"
dependencies = [
 "autocfg",
 "libm",
]

[[package]]
name = "opaque-debug"
version = "0.3.1"
source = "registry+https://github.com/rust-lang/crates.io-index"
checksum = "c08d65885ee38876c4f86fa503fb49d7b507c2b62552df7c70b2fce627e06381"

[[package]]
name = "p256"
version = "0.14.0-pre.0"
source = "git+https://github.com/RustCrypto/elliptic-curves.git#e6ea0bdc6b2d09cdf72aba901217c21684ed7e72"
dependencies = [
 "ecdsa",
 "elliptic-curve",
 "primeorder",
 "sha2",
]

[[package]]
name = "p384"
version = "0.14.0-pre"
source = "git+https://github.com/RustCrypto/elliptic-curves.git#e6ea0bdc6b2d09cdf72aba901217c21684ed7e72"
dependencies = [
 "ecdsa",
 "elliptic-curve",
 "primeorder",
 "sha2",
]

[[package]]
name = "p521"
version = "0.14.0-pre"
source = "git+https://github.com/RustCrypto/elliptic-curves.git#e6ea0bdc6b2d09cdf72aba901217c21684ed7e72"
dependencies = [
 "base16ct",
 "ecdsa",
 "elliptic-curve",
 "primefield",
 "primeorder",
 "sha2",
]

[[package]]
name = "pbkdf2"
version = "0.13.0-pre.0"
source = "git+https://github.com/RustCrypto/password-hashes.git#b06febccf09142840624c34129505436f83e5bd7"
dependencies = [
 "digest",
]

[[package]]
name = "pem-rfc7468"
version = "1.0.0-pre.0"
source = "registry+https://github.com/rust-lang/crates.io-index"
checksum = "76a65e1c27d1680f8805b3f8c9949f08d6aa5d6cbd088c9896e64a53821dc27d"
dependencies = [
 "base64ct",
]

[[package]]
name = "pkcs1"
version = "0.8.0-pre.0"
source = "git+https://github.com/RustCrypto/formats.git#d32a61ea61d44152ce17380964d233b439ce603a"
dependencies = [
 "der",
 "pkcs8",
 "spki",
]

[[package]]
name = "pkcs8"
version = "0.11.0-pre.0"
source = "git+https://github.com/RustCrypto/formats.git#d32a61ea61d44152ce17380964d233b439ce603a"
dependencies = [
 "der",
 "spki",
]

[[package]]
name = "poly1305"
version = "0.9.0-pre"
source = "registry+https://github.com/rust-lang/crates.io-index"
checksum = "c6c08e786072ace4e4498d7e477e9f8f9ea1a64f1a981ca17be7dc4df1361011"
dependencies = [
 "cpufeatures",
 "opaque-debug",
 "universal-hash",
]

[[package]]
name = "polyval"
version = "0.7.0-pre.0"
source = "registry+https://github.com/rust-lang/crates.io-index"
checksum = "8f3e1736974839c02569293a43b332c95269ccf635391bb7bbc75b41bef249b4"
dependencies = [
 "cfg-if",
 "cpufeatures",
 "opaque-debug",
 "universal-hash",
]

[[package]]
name = "ppv-lite86"
version = "0.2.17"
source = "registry+https://github.com/rust-lang/crates.io-index"
checksum = "5b40af805b3121feab8a3c29f04d8ad262fa8e0561883e7653e024ae4479e6de"

[[package]]
name = "primefield"
version = "0.14.0-pre"
source = "git+https://github.com/RustCrypto/elliptic-curves.git#e6ea0bdc6b2d09cdf72aba901217c21684ed7e72"

[[package]]
name = "primeorder"
version = "0.14.0-pre.0"
source = "git+https://github.com/RustCrypto/elliptic-curves.git#e6ea0bdc6b2d09cdf72aba901217c21684ed7e72"
dependencies = [
 "elliptic-curve",
]

[[package]]
name = "proc-macro2"
version = "1.0.86"
source = "registry+https://github.com/rust-lang/crates.io-index"
checksum = "5e719e8df665df0d1c8fbfd238015744736151d4445ec0836b8e628aae103b77"
dependencies = [
 "unicode-ident",
]

[[package]]
name = "quote"
version = "1.0.36"
source = "registry+https://github.com/rust-lang/crates.io-index"
checksum = "0fa76aaf39101c457836aec0ce2316dbdc3ab723cdda1c6bd4e6ad4208acaca7"
dependencies = [
 "proc-macro2",
]

[[package]]
name = "rand"
version = "0.8.5"
source = "registry+https://github.com/rust-lang/crates.io-index"
checksum = "34af8d1a0e25924bc5b7c43c079c942339d8f0a8b57c39049bef581b46327404"
dependencies = [
 "rand_chacha",
 "rand_core",
]

[[package]]
name = "rand_chacha"
version = "0.3.1"
source = "registry+https://github.com/rust-lang/crates.io-index"
checksum = "e6c10a63a0fa32252be49d21e7709d4d4baf8d231c2dbce1eaa8141b9b127d88"
dependencies = [
 "ppv-lite86",
 "rand_core",
]

[[package]]
name = "rand_core"
version = "0.6.4"
source = "registry+https://github.com/rust-lang/crates.io-index"
checksum = "ec0be4795e2f6a28069bec0b5ff3e2ac9bafc99e6a9a7dc3547996c5c816922c"
dependencies = [
 "getrandom",
]

[[package]]
name = "rfc6979"
version = "0.5.0-pre.3"
source = "git+https://github.com/RustCrypto/signatures.git#62419f8b10319e2992765f153e1042fa5871c1f3"
dependencies = [
 "hmac",
 "subtle",
]

[[package]]
name = "rsa"
version = "0.10.0-pre.1"
source = "registry+https://github.com/rust-lang/crates.io-index"
checksum = "43e0089f12e510517c97e1adc17d0f8374efbabdd021dfb7645d6619f85633e9"
dependencies = [
 "const-oid",
 "digest",
 "num-bigint-dig",
 "num-integer",
 "num-traits",
 "pkcs1",
 "pkcs8",
 "rand_core",
 "sha2",
 "signature",
 "spki",
 "subtle",
 "zeroize",
]

[[package]]
name = "rustc_version"
version = "0.4.0"
source = "registry+https://github.com/rust-lang/crates.io-index"
checksum = "bfa0f585226d2e68097d4f95d113b15b83a82e819ab25717ec0590d9584ef366"
dependencies = [
 "semver",
]

[[package]]
name = "sec1"
version = "0.8.0-pre.1"
source = "git+https://github.com/RustCrypto/formats.git#d32a61ea61d44152ce17380964d233b439ce603a"
dependencies = [
 "base16ct",
 "der",
 "hybrid-array",
 "pkcs8",
 "subtle",
 "zeroize",
]

[[package]]
name = "semver"
version = "1.0.23"
source = "registry+https://github.com/rust-lang/crates.io-index"
checksum = "61697e0a1c7e512e84a621326239844a24d8207b4669b41bc18b32ea5cbf988b"

[[package]]
name = "serde"
version = "1.0.204"
source = "registry+https://github.com/rust-lang/crates.io-index"
checksum = "bc76f558e0cbb2a839d37354c575f1dc3fdc6546b5be373ba43d95f231bf7c12"
dependencies = [
 "serde_derive",
]

[[package]]
name = "serde_derive"
version = "1.0.204"
source = "registry+https://github.com/rust-lang/crates.io-index"
checksum = "e0cd7e117be63d3c3678776753929474f3b04a43a080c744d6b0ae2a8c28e222"
dependencies = [
 "proc-macro2",
 "quote",
 "syn",
]

[[package]]
name = "sha1"
version = "0.11.0-pre.3"
source = "registry+https://github.com/rust-lang/crates.io-index"
checksum = "3885de8cb916f223718c1ccd47a840b91f806333e76002dc5cb3862154b4fed3"
dependencies = [
 "cfg-if",
 "cpufeatures",
 "digest",
]

[[package]]
name = "sha2"
version = "0.11.0-pre.3"
source = "registry+https://github.com/rust-lang/crates.io-index"
checksum = "8f33549bf3064b62478926aa89cbfc7c109aab66ae8f0d5d2ef839e482cc30d6"
dependencies = [
 "cfg-if",
 "cpufeatures",
 "digest",
]

[[package]]
name = "signature"
version = "2.3.0-pre.3"
source = "registry+https://github.com/rust-lang/crates.io-index"
checksum = "1700c22ba9ce32c7b0a1495068a906c3552e7db386af7cf865162e0dea498523"
dependencies = [
 "digest",
 "rand_core",
]

[[package]]
name = "smallvec"
version = "1.13.2"
source = "registry+https://github.com/rust-lang/crates.io-index"
checksum = "3c5e1a9a646d36c3599cd173a41282daf47c44583ad367b8e6837255952e5c67"

[[package]]
name = "spin"
version = "0.9.8"
source = "registry+https://github.com/rust-lang/crates.io-index"
checksum = "6980e8d7511241f8acf4aebddbb1ff938df5eebe98691418c4468d0b72a96a67"

[[package]]
name = "spki"
version = "0.8.0-pre.0"
source = "git+https://github.com/RustCrypto/formats.git#d32a61ea61d44152ce17380964d233b439ce603a"
dependencies = [
 "base64ct",
 "der",
]

[[package]]
name = "ssh-cipher"
version = "0.3.0-pre"
dependencies = [
 "aes",
 "aes-gcm",
 "cbc",
 "chacha20",
 "cipher",
 "ctr",
 "des",
 "poly1305",
 "ssh-encoding",
 "subtle",
]

[[package]]
name = "ssh-derive"
version = "0.0.1-alpha"
dependencies = [
 "proc-macro2",
 "quote",
 "syn",
]

[[package]]
name = "ssh-encoding"
version = "0.3.0-pre"
dependencies = [
 "base64ct",
 "bytes",
 "hex-literal",
 "pem-rfc7468",
 "sha2",
]

[[package]]
name = "ssh-key"
version = "0.7.0-pre"
dependencies = [
 "bcrypt-pbkdf",
 "dsa",
 "ed25519-dalek",
 "hex-literal",
 "num-bigint-dig",
 "p256",
 "p384",
 "p521",
 "rand_chacha",
 "rand_core",
 "rsa",
 "sec1",
 "serde",
 "sha1",
 "sha2",
 "signature",
 "ssh-cipher",
 "ssh-encoding",
 "subtle",
 "zeroize",
]

[[package]]
name = "ssh-protocol"
version = "0.1.0-pre"
dependencies = [
 "ssh-cipher",
 "ssh-encoding",
 "ssh-key",
]

[[package]]
name = "subtle"
version = "2.6.1"
source = "registry+https://github.com/rust-lang/crates.io-index"
checksum = "13c2bddecc57b384dee18652358fb23172facb8a2c51ccc10d74c157bdea3292"

[[package]]
name = "syn"
version = "2.0.71"
source = "registry+https://github.com/rust-lang/crates.io-index"
checksum = "b146dcf730474b4bcd16c311627b31ede9ab149045db4d6088b3becaea046462"
dependencies = [
 "proc-macro2",
 "quote",
 "unicode-ident",
]

[[package]]
name = "typenum"
version = "1.17.0"
source = "registry+https://github.com/rust-lang/crates.io-index"
checksum = "42ff0bf0c66b8238c6f3b578df37d0b7848e55df8577b3f74f92a69acceeb825"

[[package]]
name = "unicode-ident"
version = "1.0.12"
source = "registry+https://github.com/rust-lang/crates.io-index"
checksum = "3354b9ac3fae1ff6755cb6db53683adb661634f67557942dea4facebec0fee4b"

[[package]]
name = "universal-hash"
version = "0.6.0-pre.0"
source = "registry+https://github.com/rust-lang/crates.io-index"
checksum = "a05336f34009f6bb1c24794e2c04df87f4a0ced7a091692e395119f34fd3f4c5"
dependencies = [
 "crypto-common",
 "subtle",
]

[[package]]
name = "wasi"
version = "0.11.0+wasi-snapshot-preview1"
source = "registry+https://github.com/rust-lang/crates.io-index"
checksum = "9c8d87e72b64a3b4db28d11ce29237c246188f4f51057d65a7eab63b7987e423"

[[package]]
name = "zeroize"
version = "1.8.1"
source = "registry+https://github.com/rust-lang/crates.io-index"
checksum = "ced3678a2879b30306d323f4542626697a464a97c0a07c9aebf7ebca65cd4dde"
